# This file is automatically @generated by Cargo.
# It is not intended for manual editing.
version = 4

[[package]]
name = "taven"
version = "0.1.0"
dependencies = [
 "taven_internal",
]

[[package]]
name = "taven_core"
version = "0.1.0"

[[package]]
name = "taven_internal"
version = "0.1.0"
dependencies = [
 "taven_core",
]
